
Microsoft Visual Studio Solution File, Format Version 12.00
# Visual Studio Version 17
VisualStudioVersion = 17.5.33414.496
MinimumVisualStudioVersion = 10.0.40219.1
Project("{FAE04EC0-301F-11D3-BF4B-00C04F79EFBC}") = "Aula02exercicio09", "Aula02exercicio09.csproj", "{F083C014-54DA-4DE9-99EA-A7EB9710EDCC}"
EndProject
Global
	GlobalSection(SolutionConfigurationPlatforms) = preSolution
		Debug|Any CPU = Debug|Any CPU
		Release|Any CPU = Release|Any CPU
	EndGlobalSection
	GlobalSection(ProjectConfigurationPlatforms) = postSolution
		{F083C014-54DA-4DE9-99EA-A7EB9710EDCC}.Debug|Any CPU.ActiveCfg = Debug|Any CPU
		{F083C014-54DA-4DE9-99EA-A7EB9710EDCC}.Debug|Any CPU.Build.0 = Debug|Any CPU
		{F083C014-54DA-4DE9-99EA-A7EB9710EDCC}.Release|Any CPU.ActiveCfg = Release|Any CPU
		{F083C014-54DA-4DE9-99EA-A7EB9710EDCC}.Release|Any CPU.Build.0 = Release|Any CPU
	EndGlobalSection
	GlobalSection(SolutionProperties) = preSolution
		HideSolutionNode = FALSE
	EndGlobalSection
	GlobalSection(ExtensibilityGlobals) = postSolution
		SolutionGuid = {18A37D61-F829-48E3-A75D-D57BF25912C5}
	EndGlobalSection
EndGlobal
